
Microsoft Visual Studio Solution File, Format Version 12.00
# Visual Studio Version 16
VisualStudioVersion = 16.0.29025.244
MinimumVisualStudioVersion = 10.0.40219.1
Project("{FAE04EC0-301F-11D3-BF4B-00C04F79EFBC}") = "XFVoice", "XFVoice.csproj", "{39910115-C6CC-4E7A-AB29-ED3754B3F6E6}"
EndProject
Global
	GlobalSection(SolutionConfigurationPlatforms) = preSolution
		Debug|Any CPU = Debug|Any CPU
		Debug|x64 = Debug|x64
		Debug|x86 = Debug|x86
		Release|Any CPU = Release|Any CPU
		Release|x64 = Release|x64
		Release|x86 = Release|x86
	EndGlobalSection
	GlobalSection(ProjectConfigurationPlatforms) = postSolution
		{39910115-C6CC-4E7A-AB29-ED3754B3F6E6}.Debug|Any CPU.ActiveCfg = Debug|Any CPU
		{39910115-C6CC-4E7A-AB29-ED3754B3F6E6}.Debug|Any CPU.Build.0 = Debug|Any CPU
		{39910115-C6CC-4E7A-AB29-ED3754B3F6E6}.Debug|x64.ActiveCfg = Debug|x64
		{39910115-C6CC-4E7A-AB29-ED3754B3F6E6}.Debug|x64.Build.0 = Debug|x64
		{39910115-C6CC-4E7A-AB29-ED3754B3F6E6}.Debug|x86.ActiveCfg = Debug|x86
		{39910115-C6CC-4E7A-AB29-ED3754B3F6E6}.Debug|x86.Build.0 = Debug|x86
		{39910115-C6CC-4E7A-AB29-ED3754B3F6E6}.Release|Any CPU.ActiveCfg = Release|Any CPU
		{39910115-C6CC-4E7A-AB29-ED3754B3F6E6}.Release|Any CPU.Build.0 = Release|Any CPU
		{39910115-C6CC-4E7A-AB29-ED3754B3F6E6}.Release|x64.ActiveCfg = Release|x64
		{39910115-C6CC-4E7A-AB29-ED3754B3F6E6}.Release|x64.Build.0 = Release|x64
		{39910115-C6CC-4E7A-AB29-ED3754B3F6E6}.Release|x86.ActiveCfg = Release|x86
		{39910115-C6CC-4E7A-AB29-ED3754B3F6E6}.Release|x86.Build.0 = Release|x86
	EndGlobalSection
	GlobalSection(SolutionProperties) = preSolution
		HideSolutionNode = FALSE
	EndGlobalSection
	GlobalSection(ExtensibilityGlobals) = postSolution
		SolutionGuid = {9FA42F9B-D365-4A60-B832-1866B1E4D1A2}
	EndGlobalSection
EndGlobal
